
Microsoft Visual Studio Solution File, Format Version 12.00
# Visual Studio Version 16
VisualStudioVersion = 16.0.31729.503
MinimumVisualStudioVersion = 10.0.40219.1
Project("{FAE04EC0-301F-11D3-BF4B-00C04F79EFBC}") = "Projeto_Integrador_Senac", "Projeto_Integrador_Senac.csproj", "{03A54A72-4490-4FE2-922E-2820887D8858}"
EndProject
Global
	GlobalSection(SolutionConfigurationPlatforms) = preSolution
		Debug|Any CPU = Debug|Any CPU
		Release|Any CPU = Release|Any CPU
	EndGlobalSection
	GlobalSection(ProjectConfigurationPlatforms) = postSolution
		{03A54A72-4490-4FE2-922E-2820887D8858}.Debug|Any CPU.ActiveCfg = Debug|Any CPU
		{03A54A72-4490-4FE2-922E-2820887D8858}.Debug|Any CPU.Build.0 = Debug|Any CPU
		{03A54A72-4490-4FE2-922E-2820887D8858}.Release|Any CPU.ActiveCfg = Release|Any CPU
		{03A54A72-4490-4FE2-922E-2820887D8858}.Release|Any CPU.Build.0 = Release|Any CPU
	EndGlobalSection
	GlobalSection(SolutionProperties) = preSolution
		HideSolutionNode = FALSE
	EndGlobalSection
	GlobalSection(ExtensibilityGlobals) = postSolution
		SolutionGuid = {75B33899-0F9F-40A3-9F2C-F8666AF457A5}
	EndGlobalSection
EndGlobal
